
Microsoft Visual Studio Solution File, Format Version 12.00
# Visual Studio Version 17
VisualStudioVersion = 17.9.34728.123
MinimumVisualStudioVersion = 10.0.40219.1
Project("{FAE04EC0-301F-11D3-BF4B-00C04F79EFBC}") = "FilmsBrowser.Android", "FilmsBrowser.Android\FilmsBrowser.Android.csproj", "{3AD3A425-6D87-4666-BADC-9DFFB0422D3A}"
EndProject
Project("{FAE04EC0-301F-11D3-BF4B-00C04F79EFBC}") = "FilmsBrowser.iOS", "FilmsBrowser.iOS\FilmsBrowser.iOS.csproj", "{ED031B01-921C-41C8-9A92-C4C9C57D56A5}"
EndProject
Project("{FAE04EC0-301F-11D3-BF4B-00C04F79EFBC}") = "FilmsBrowser", "FilmsBrowser\FilmsBrowser.csproj", "{0721E025-1C29-4D37-87A4-92EBED5F5113}"
EndProject
Global
	GlobalSection(SolutionConfigurationPlatforms) = preSolution
		Debug|Any CPU = Debug|Any CPU
		Debug|iPhone = Debug|iPhone
		Debug|iPhoneSimulator = Debug|iPhoneSimulator
		Release|Any CPU = Release|Any CPU
		Release|iPhone = Release|iPhone
		Release|iPhoneSimulator = Release|iPhoneSimulator
	EndGlobalSection
	GlobalSection(ProjectConfigurationPlatforms) = postSolution
		{3AD3A425-6D87-4666-BADC-9DFFB0422D3A}.Debug|Any CPU.ActiveCfg = Debug|Any CPU
		{3AD3A425-6D87-4666-BADC-9DFFB0422D3A}.Debug|Any CPU.Build.0 = Debug|Any CPU
		{3AD3A425-6D87-4666-BADC-9DFFB0422D3A}.Debug|Any CPU.Deploy.0 = Debug|Any CPU
		{3AD3A425-6D87-4666-BADC-9DFFB0422D3A}.Debug|iPhone.ActiveCfg = Debug|Any CPU
		{3AD3A425-6D87-4666-BADC-9DFFB0422D3A}.Debug|iPhone.Build.0 = Debug|Any CPU
		{3AD3A425-6D87-4666-BADC-9DFFB0422D3A}.Debug|iPhone.Deploy.0 = Debug|Any CPU
		{3AD3A425-6D87-4666-BADC-9DFFB0422D3A}.Debug|iPhoneSimulator.ActiveCfg = Debug|Any CPU
		{3AD3A425-6D87-4666-BADC-9DFFB0422D3A}.Debug|iPhoneSimulator.Build.0 = Debug|Any CPU
		{3AD3A425-6D87-4666-BADC-9DFFB0422D3A}.Debug|iPhoneSimulator.Deploy.0 = Debug|Any CPU
		{3AD3A425-6D87-4666-BADC-9DFFB0422D3A}.Release|Any CPU.ActiveCfg = Release|Any CPU
		{3AD3A425-6D87-4666-BADC-9DFFB0422D3A}.Release|Any CPU.Build.0 = Release|Any CPU
		{3AD3A425-6D87-4666-BADC-9DFFB0422D3A}.Release|Any CPU.Deploy.0 = Release|Any CPU
		{3AD3A425-6D87-4666-BADC-9DFFB0422D3A}.Release|iPhone.ActiveCfg = Release|Any CPU
		{3AD3A425-6D87-4666-BADC-9DFFB0422D3A}.Release|iPhone.Build.0 = Release|Any CPU
		{3AD3A425-6D87-4666-BADC-9DFFB0422D3A}.Release|iPhone.Deploy.0 = Release|Any CPU
		{3AD3A425-6D87-4666-BADC-9DFFB0422D3A}.Release|iPhoneSimulator.ActiveCfg = Release|Any CPU
		{3AD3A425-6D87-4666-BADC-9DFFB0422D3A}.Release|iPhoneSimulator.Build.0 = Release|Any CPU
		{3AD3A425-6D87-4666-BADC-9DFFB0422D3A}.Release|iPhoneSimulator.Deploy.0 = Release|Any CPU
		{ED031B01-921C-41C8-9A92-C4C9C57D56A5}.Debug|Any CPU.ActiveCfg = Debug|iPhone
		{ED031B01-921C-41C8-9A92-C4C9C57D56A5}.Debug|Any CPU.Build.0 = Debug|iPhone
		{ED031B01-921C-41C8-9A92-C4C9C57D56A5}.Debug|Any CPU.Deploy.0 = Debug|iPhone
		{ED031B01-921C-41C8-9A92-C4C9C57D56A5}.Debug|iPhone.ActiveCfg = Debug|iPhone
		{ED031B01-921C-41C8-9A92-C4C9C57D56A5}.Debug|iPhone.Build.0 = Debug|iPhone
		{ED031B01-921C-41C8-9A92-C4C9C57D56A5}.Debug|iPhone.Deploy.0 = Debug|iPhone
		{ED031B01-921C-41C8-9A92-C4C9C57D56A5}.Debug|iPhoneSimulator.ActiveCfg = Debug|iPhoneSimulator
		{ED031B01-921C-41C8-9A92-C4C9C57D56A5}.Debug|iPhoneSimulator.Build.0 = Debug|iPhoneSimulator
		{ED031B01-921C-41C8-9A92-C4C9C57D56A5}.Debug|iPhoneSimulator.Deploy.0 = Debug|iPhoneSimulator
		{ED031B01-921C-41C8-9A92-C4C9C57D56A5}.Release|Any CPU.ActiveCfg = Release|iPhoneSimulator
		{ED031B01-921C-41C8-9A92-C4C9C57D56A5}.Release|Any CPU.Build.0 = Release|iPhoneSimulator
		{ED031B01-921C-41C8-9A92-C4C9C57D56A5}.Release|Any CPU.Deploy.0 = Release|iPhoneSimulator
		{ED031B01-921C-41C8-9A92-C4C9C57D56A5}.Release|iPhone.ActiveCfg = Release|iPhone
		{ED031B01-921C-41C8-9A92-C4C9C57D56A5}.Release|iPhone.Build.0 = Release|iPhone
		{ED031B01-921C-41C8-9A92-C4C9C57D56A5}.Release|iPhone.Deploy.0 = Release|iPhone
		{ED031B01-921C-41C8-9A92-C4C9C57D56A5}.Release|iPhoneSimulator.ActiveCfg = Release|iPhoneSimulator
		{ED031B01-921C-41C8-9A92-C4C9C57D56A5}.Release|iPhoneSimulator.Build.0 = Release|iPhoneSimulator
		{ED031B01-921C-41C8-9A92-C4C9C57D56A5}.Release|iPhoneSimulator.Deploy.0 = Release|iPhoneSimulator
		{0721E025-1C29-4D37-87A4-92EBED5F5113}.Debug|Any CPU.ActiveCfg = Debug|Any CPU
		{0721E025-1C29-4D37-87A4-92EBED5F5113}.Debug|Any CPU.Build.0 = Debug|Any CPU
		{0721E025-1C29-4D37-87A4-92EBED5F5113}.Debug|Any CPU.Deploy.0 = Debug|Any CPU
		{0721E025-1C29-4D37-87A4-92EBED5F5113}.Debug|iPhone.ActiveCfg = Debug|Any CPU
		{0721E025-1C29-4D37-87A4-92EBED5F5113}.Debug|iPhone.Build.0 = Debug|Any CPU
		{0721E025-1C29-4D37-87A4-92EBED5F5113}.Debug|iPhone.Deploy.0 = Debug|Any CPU
		{0721E025-1C29-4D37-87A4-92EBED5F5113}.Debug|iPhoneSimulator.ActiveCfg = Debug|Any CPU
		{0721E025-1C29-4D37-87A4-92EBED5F5113}.Debug|iPhoneSimulator.Build.0 = Debug|Any CPU
		{0721E025-1C29-4D37-87A4-92EBED5F5113}.Debug|iPhoneSimulator.Deploy.0 = Debug|Any CPU
		{0721E025-1C29-4D37-87A4-92EBED5F5113}.Release|Any CPU.ActiveCfg = Release|Any CPU
		{0721E025-1C29-4D37-87A4-92EBED5F5113}.Release|Any CPU.Build.0 = Release|Any CPU
		{0721E025-1C29-4D37-87A4-92EBED5F5113}.Release|Any CPU.Deploy.0 = Release|Any CPU
		{0721E025-1C29-4D37-87A4-92EBED5F5113}.Release|iPhone.ActiveCfg = Release|Any CPU
		{0721E025-1C29-4D37-87A4-92EBED5F5113}.Release|iPhone.Build.0 = Release|Any CPU
		{0721E025-1C29-4D37-87A4-92EBED5F5113}.Release|iPhone.Deploy.0 = Release|Any CPU
		{0721E025-1C29-4D37-87A4-92EBED5F5113}.Release|iPhoneSimulator.ActiveCfg = Release|Any CPU
		{0721E025-1C29-4D37-87A4-92EBED5F5113}.Release|iPhoneSimulator.Build.0 = Release|Any CPU
		{0721E025-1C29-4D37-87A4-92EBED5F5113}.Release|iPhoneSimulator.Deploy.0 = Release|Any CPU
	EndGlobalSection
	GlobalSection(SolutionProperties) = preSolution
		HideSolutionNode = FALSE
	EndGlobalSection
	GlobalSection(ExtensibilityGlobals) = postSolution
		SolutionGuid = {4714F9B2-8CFD-435B-80E8-2155F6428FAC}
	EndGlobalSection
EndGlobal
